
Microsoft Visual Studio Solution File, Format Version 12.00
# Visual Studio Version 17
VisualStudioVersion = 17.1.32328.378
MinimumVisualStudioVersion = 10.0.40219.1
Project("{FAE04EC0-301F-11D3-BF4B-00C04F79EFBC}") = "OOPGiris", "OOPGiris.csproj", "{45E2C47E-A6E0-4299-BB40-BCE353821136}"
EndProject
Global
	GlobalSection(SolutionConfigurationPlatforms) = preSolution
		Debug|Any CPU = Debug|Any CPU
		Release|Any CPU = Release|Any CPU
	EndGlobalSection
	GlobalSection(ProjectConfigurationPlatforms) = postSolution
		{45E2C47E-A6E0-4299-BB40-BCE353821136}.Debug|Any CPU.ActiveCfg = Debug|Any CPU
		{45E2C47E-A6E0-4299-BB40-BCE353821136}.Debug|Any CPU.Build.0 = Debug|Any CPU
		{45E2C47E-A6E0-4299-BB40-BCE353821136}.Release|Any CPU.ActiveCfg = Release|Any CPU
		{45E2C47E-A6E0-4299-BB40-BCE353821136}.Release|Any CPU.Build.0 = Release|Any CPU
	EndGlobalSection
	GlobalSection(SolutionProperties) = preSolution
		HideSolutionNode = FALSE
	EndGlobalSection
	GlobalSection(ExtensibilityGlobals) = postSolution
		SolutionGuid = {D6C811A9-7466-488E-A5BD-A57992F37AE2}
	EndGlobalSection
EndGlobal
